
Microsoft Visual Studio Solution File, Format Version 12.00
# Visual Studio Version 16
VisualStudioVersion = 16.0.29424.173
MinimumVisualStudioVersion = 10.0.40219.1
Project("{FAE04EC0-301F-11D3-BF4B-00C04F79EFBC}") = "WPF 12C", "WPF 12C\WPF 12C.csproj", "{B4D279EE-E6E6-4572-B99B-9EDBEDDCAED6}"
EndProject
Global
	GlobalSection(SolutionConfigurationPlatforms) = preSolution
		Debug|Any CPU = Debug|Any CPU
		Release|Any CPU = Release|Any CPU
	EndGlobalSection
	GlobalSection(ProjectConfigurationPlatforms) = postSolution
		{B4D279EE-E6E6-4572-B99B-9EDBEDDCAED6}.Debug|Any CPU.ActiveCfg = Debug|Any CPU
		{B4D279EE-E6E6-4572-B99B-9EDBEDDCAED6}.Debug|Any CPU.Build.0 = Debug|Any CPU
		{B4D279EE-E6E6-4572-B99B-9EDBEDDCAED6}.Release|Any CPU.ActiveCfg = Release|Any CPU
		{B4D279EE-E6E6-4572-B99B-9EDBEDDCAED6}.Release|Any CPU.Build.0 = Release|Any CPU
	EndGlobalSection
	GlobalSection(SolutionProperties) = preSolution
		HideSolutionNode = FALSE
	EndGlobalSection
	GlobalSection(ExtensibilityGlobals) = postSolution
		SolutionGuid = {D8763B58-2A7E-47A9-8FEC-F37554236D73}
	EndGlobalSection
EndGlobal
