
Microsoft Visual Studio Solution File, Format Version 12.00
# Visual Studio Version 16
VisualStudioVersion = 16.0.29509.3
MinimumVisualStudioVersion = 10.0.40219.1
Project("{FAE04EC0-301F-11D3-BF4B-00C04F79EFBC}") = "AnonymousMethods", "AnonymousMethods\AnonymousMethods.csproj", "{3EDC6A80-237E-4751-835F-4987C07A5C89}"
EndProject
Global
	GlobalSection(SolutionConfigurationPlatforms) = preSolution
		Debug|Any CPU = Debug|Any CPU
		Release|Any CPU = Release|Any CPU
	EndGlobalSection
	GlobalSection(ProjectConfigurationPlatforms) = postSolution
		{3EDC6A80-237E-4751-835F-4987C07A5C89}.Debug|Any CPU.ActiveCfg = Debug|Any CPU
		{3EDC6A80-237E-4751-835F-4987C07A5C89}.Debug|Any CPU.Build.0 = Debug|Any CPU
		{3EDC6A80-237E-4751-835F-4987C07A5C89}.Release|Any CPU.ActiveCfg = Release|Any CPU
		{3EDC6A80-237E-4751-835F-4987C07A5C89}.Release|Any CPU.Build.0 = Release|Any CPU
	EndGlobalSection
	GlobalSection(SolutionProperties) = preSolution
		HideSolutionNode = FALSE
	EndGlobalSection
	GlobalSection(ExtensibilityGlobals) = postSolution
		SolutionGuid = {88C56C30-199E-4615-83E4-4BE993FDED8D}
	EndGlobalSection
EndGlobal
