
Microsoft Visual Studio Solution File, Format Version 12.00
# Visual Studio 15
VisualStudioVersion = 15.0.28307.902
MinimumVisualStudioVersion = 10.0.40219.1
Project("{FAE04EC0-301F-11D3-BF4B-00C04F79EFBC}") = "NullablesE", "NullablesE\NullablesE.csproj", "{BB5D52B9-93F1-4BB6-B373-77122313A96E}"
EndProject
Global
	GlobalSection(SolutionConfigurationPlatforms) = preSolution
		Debug|Any CPU = Debug|Any CPU
		Release|Any CPU = Release|Any CPU
	EndGlobalSection
	GlobalSection(ProjectConfigurationPlatforms) = postSolution
		{BB5D52B9-93F1-4BB6-B373-77122313A96E}.Debug|Any CPU.ActiveCfg = Debug|Any CPU
		{BB5D52B9-93F1-4BB6-B373-77122313A96E}.Debug|Any CPU.Build.0 = Debug|Any CPU
		{BB5D52B9-93F1-4BB6-B373-77122313A96E}.Release|Any CPU.ActiveCfg = Release|Any CPU
		{BB5D52B9-93F1-4BB6-B373-77122313A96E}.Release|Any CPU.Build.0 = Release|Any CPU
	EndGlobalSection
	GlobalSection(SolutionProperties) = preSolution
		HideSolutionNode = FALSE
	EndGlobalSection
	GlobalSection(ExtensibilityGlobals) = postSolution
		SolutionGuid = {D5DCFC10-7CA9-43DE-9A12-EC50D9B0615D}
	EndGlobalSection
EndGlobal
