
Microsoft Visual Studio Solution File, Format Version 12.00
# Visual Studio Version 16
VisualStudioVersion = 16.0.29424.173
MinimumVisualStudioVersion = 10.0.40219.1
Project("{FAE04EC0-301F-11D3-BF4B-00C04F79EFBC}") = "WPF 11C CheckBox", "WPF 11C CheckBox\WPF 11C CheckBox.csproj", "{8F68DD63-4487-47CF-9B78-A89C574325E6}"
EndProject
Global
	GlobalSection(SolutionConfigurationPlatforms) = preSolution
		Debug|Any CPU = Debug|Any CPU
		Release|Any CPU = Release|Any CPU
	EndGlobalSection
	GlobalSection(ProjectConfigurationPlatforms) = postSolution
		{8F68DD63-4487-47CF-9B78-A89C574325E6}.Debug|Any CPU.ActiveCfg = Debug|Any CPU
		{8F68DD63-4487-47CF-9B78-A89C574325E6}.Debug|Any CPU.Build.0 = Debug|Any CPU
		{8F68DD63-4487-47CF-9B78-A89C574325E6}.Release|Any CPU.ActiveCfg = Release|Any CPU
		{8F68DD63-4487-47CF-9B78-A89C574325E6}.Release|Any CPU.Build.0 = Release|Any CPU
	EndGlobalSection
	GlobalSection(SolutionProperties) = preSolution
		HideSolutionNode = FALSE
	EndGlobalSection
	GlobalSection(ExtensibilityGlobals) = postSolution
		SolutionGuid = {92824A1E-05E6-4380-A248-72442B188438}
	EndGlobalSection
EndGlobal
