
Microsoft Visual Studio Solution File, Format Version 12.00
# Visual Studio Version 16
VisualStudioVersion = 16.0.29424.173
MinimumVisualStudioVersion = 10.0.40219.1
Project("{FAE04EC0-301F-11D3-BF4B-00C04F79EFBC}") = "WPF 14C Properties Data and event triggers", "WPF 14C Properties Data and event triggers\WPF 14C Properties Data and event triggers.csproj", "{08244033-0ADD-4339-BC6C-AED44D2C5432}"
EndProject
Global
	GlobalSection(SolutionConfigurationPlatforms) = preSolution
		Debug|Any CPU = Debug|Any CPU
		Release|Any CPU = Release|Any CPU
	EndGlobalSection
	GlobalSection(ProjectConfigurationPlatforms) = postSolution
		{08244033-0ADD-4339-BC6C-AED44D2C5432}.Debug|Any CPU.ActiveCfg = Debug|Any CPU
		{08244033-0ADD-4339-BC6C-AED44D2C5432}.Debug|Any CPU.Build.0 = Debug|Any CPU
		{08244033-0ADD-4339-BC6C-AED44D2C5432}.Release|Any CPU.ActiveCfg = Release|Any CPU
		{08244033-0ADD-4339-BC6C-AED44D2C5432}.Release|Any CPU.Build.0 = Release|Any CPU
	EndGlobalSection
	GlobalSection(SolutionProperties) = preSolution
		HideSolutionNode = FALSE
	EndGlobalSection
	GlobalSection(ExtensibilityGlobals) = postSolution
		SolutionGuid = {93C7FFD4-457D-463D-985E-B9C14AFAED54}
	EndGlobalSection
EndGlobal
