
Microsoft Visual Studio Solution File, Format Version 12.00
# Visual Studio Version 16
VisualStudioVersion = 16.0.29424.173
MinimumVisualStudioVersion = 10.0.40219.1
Project("{FAE04EC0-301F-11D3-BF4B-00C04F79EFBC}") = "WPF 15C PasswordBox", "WPF 15C PasswordBox\WPF 15C PasswordBox.csproj", "{C43359BE-5A3F-40EB-A979-D996F019CBF7}"
EndProject
Global
	GlobalSection(SolutionConfigurationPlatforms) = preSolution
		Debug|Any CPU = Debug|Any CPU
		Release|Any CPU = Release|Any CPU
	EndGlobalSection
	GlobalSection(ProjectConfigurationPlatforms) = postSolution
		{C43359BE-5A3F-40EB-A979-D996F019CBF7}.Debug|Any CPU.ActiveCfg = Debug|Any CPU
		{C43359BE-5A3F-40EB-A979-D996F019CBF7}.Debug|Any CPU.Build.0 = Debug|Any CPU
		{C43359BE-5A3F-40EB-A979-D996F019CBF7}.Release|Any CPU.ActiveCfg = Release|Any CPU
		{C43359BE-5A3F-40EB-A979-D996F019CBF7}.Release|Any CPU.Build.0 = Release|Any CPU
	EndGlobalSection
	GlobalSection(SolutionProperties) = preSolution
		HideSolutionNode = FALSE
	EndGlobalSection
	GlobalSection(ExtensibilityGlobals) = postSolution
		SolutionGuid = {BF8AC0A4-42C4-4E44-BCE4-2C0A0D717A2E}
	EndGlobalSection
EndGlobal
