
Microsoft Visual Studio Solution File, Format Version 12.00
# Visual Studio 15
VisualStudioVersion = 15.0.28307.902
MinimumVisualStudioVersion = 10.0.40219.1
Project("{FAE04EC0-301F-11D3-BF4B-00C04F79EFBC}") = "RegularExpressions", "RegularExpressions\RegularExpressions.csproj", "{612A852C-4B73-4248-BA0D-8E2756CFAF10}"
EndProject
Global
	GlobalSection(SolutionConfigurationPlatforms) = preSolution
		Debug|Any CPU = Debug|Any CPU
		Release|Any CPU = Release|Any CPU
	EndGlobalSection
	GlobalSection(ProjectConfigurationPlatforms) = postSolution
		{612A852C-4B73-4248-BA0D-8E2756CFAF10}.Debug|Any CPU.ActiveCfg = Debug|Any CPU
		{612A852C-4B73-4248-BA0D-8E2756CFAF10}.Debug|Any CPU.Build.0 = Debug|Any CPU
		{612A852C-4B73-4248-BA0D-8E2756CFAF10}.Release|Any CPU.ActiveCfg = Release|Any CPU
		{612A852C-4B73-4248-BA0D-8E2756CFAF10}.Release|Any CPU.Build.0 = Release|Any CPU
	EndGlobalSection
	GlobalSection(SolutionProperties) = preSolution
		HideSolutionNode = FALSE
	EndGlobalSection
	GlobalSection(ExtensibilityGlobals) = postSolution
		SolutionGuid = {412915BA-5097-4E51-9557-58ED73A6A6D3}
	EndGlobalSection
EndGlobal
